PODS:
  - Alamofire (3.5.0)
  - SwiftyJSON (2.3.2)
  - Validator (1.2.0)

DEPENDENCIES:
  - Alamofire (= 3.5.0)
  - SwiftyJSON
  - Validator

SPEC CHECKSUMS:
  Alamofire: b70a7352335f8ea5babd0a923eb7e8eacc67b877
  SwiftyJSON: 04ccea08915aa0109039157c7974cf0298da292a
  Validator: 4015c0fcaacd165100b337dc4198ba308fb567fb

PODFILE CHECKSUM: 81a62096894bfae8b859ac2d94793ff0bb7c75bf

COCOAPODS: 1.0.1
