// !$*UTF8*$!
{
	archiveVersion = 1;
	classes = {
	};
	objectVersion = 46;
	objects = {

/* Begin PBXBuildFile section */
		01E300CB90BF50252AF43A1D /* Pods_SS_Authentication.framework in Frameworks */ = {isa = PBXBuildFile; fileRef = 7E57D1DDC18DA73627FB522A /* Pods_SS_Authentication.framework */; };
		1D051094BD041E383CEBA256 /* Pods_SS_AuthorisationTests.framework in Frameworks */ = {isa = PBXBuildFile; fileRef = 088D8A88DE13F61A14FEA157 /* Pods_SS_AuthorisationTests.framework */; };
		3821BFFC1CF892AB00C3F424 /* SSAuthenticationNavigationBar.swift in Sources */ = {isa = PBXBuildFile; fileRef = 3821BFFB1CF892AB00C3F424 /* SSAuthenticationNavigationBar.swift */; };
		3821DA241CF5918400867115 /* SS_Authentication.framework in Frameworks */ = {isa = PBXBuildFile; fileRef = 3821DA191CF5918400867115 /* SS_Authentication.framework */; };
		383775EE1CF6E6B9001156AC /* SSAuthenticationManager.swift in Sources */ = {isa = PBXBuildFile; fileRef = 383775E91CF6E6B9001156AC /* SSAuthenticationManager.swift */; };
		383775EF1CF6E6B9001156AC /* SSUser.swift in Sources */ = {isa = PBXBuildFile; fileRef = 383775EB1CF6E6B9001156AC /* SSUser.swift */; };
		383775F11CF6E6B9001156AC /* SS_Authentication.h in Headers */ = {isa = PBXBuildFile; fileRef = 383775ED1CF6E6B9001156AC /* SS_Authentication.h */; settings = {ATTRIBUTES = (Public, ); }; };
		383775F81CF6E7A6001156AC /* SS_AuthenticationTests.swift in Sources */ = {isa = PBXBuildFile; fileRef = 383775F51CF6E6D4001156AC /* SS_AuthenticationTests.swift */; };
		3882E0851CF6EF5F007528BA /* SSAuthenticationBaseViewController.swift in Sources */ = {isa = PBXBuildFile; fileRef = 3882E0751CF6EF5F007528BA /* SSAuthenticationBaseViewController.swift */; };
		3882E0871CF6EF5F007528BA /* SSAuthenticationResetPasswordViewController.swift in Sources */ = {isa = PBXBuildFile; fileRef = 3882E0771CF6EF5F007528BA /* SSAuthenticationResetPasswordViewController.swift */; };
		3882E0891CF6EF5F007528BA /* SSAuthenticationLoginViewController.swift in Sources */ = {isa = PBXBuildFile; fileRef = 3882E0791CF6EF5F007528BA /* SSAuthenticationLoginViewController.swift */; };
		3882E08B1CF6EF5F007528BA /* SSAuthenticationRegisterViewController.swift in Sources */ = {isa = PBXBuildFile; fileRef = 3882E07B1CF6EF5F007528BA /* SSAuthenticationRegisterViewController.swift */; };
		3882E08D1CF6EF5F007528BA /* SSAuthenticationUpdateViewController.swift in Sources */ = {isa = PBXBuildFile; fileRef = 3882E07D1CF6EF5F007528BA /* SSAuthenticationUpdateViewController.swift */; };
		3882E08F1CF6EF5F007528BA /* SSAuthenticationViewController.swift in Sources */ = {isa = PBXBuildFile; fileRef = 3882E07F1CF6EF5F007528BA /* SSAuthenticationViewController.swift */; };
		3882E0A11CF6FCF1007528BA /* SSAuthenticationLoadingView.swift in Sources */ = {isa = PBXBuildFile; fileRef = 3882E0A01CF6FCF1007528BA /* SSAuthenticationLoadingView.swift */; };
		3882E0A31CF7392F007528BA /* Common.swift in Sources */ = {isa = PBXBuildFile; fileRef = 3882E0A21CF7392F007528BA /* Common.swift */; };
		B4DA347E94C32DA94AE6B50E /* Pods_SS__AuthenticationTests.framework in Frameworks */ = {isa = PBXBuildFile; fileRef = ADD756B08A0105DC82BAD23F /* Pods_SS__AuthenticationTests.framework */; };
		F9D50010AF1C7023124C2DC8 /* Pods_SS_AuthenticationTests.framework in Frameworks */ = {isa = PBXBuildFile; fileRef = D93A39878FBAD5B0D7D6F5B6 /* Pods_SS_AuthenticationTests.framework */; };
/* End PBXBuildFile section */

/* Begin PBXContainerItemProxy section */
		3821DA251CF5918400867115 /* PBXContainerItemProxy */ = {
			isa = PBXContainerItemProxy;
			containerPortal = 3821DA101CF5918400867115 /* Project object */;
			proxyType = 1;
			remoteGlobalIDString = 3821DA181CF5918400867115;
			remoteInfo = SS_Authorisation;
		};
/* End PBXContainerItemProxy section */

/* Begin PBXFileReference section */
		088D8A88DE13F61A14FEA157 /* Pods_SS_AuthorisationTests.framework */ = {isa = PBXFileReference; explicitFileType = wrapper.framework; includeInIndex = 0; path = Pods_SS_AuthorisationTests.framework; sourceTree = BUILT_PRODUCTS_DIR; };
		0F78F6A698C85B94B115AD19 /* Pods-SS_Authorisation.release.xcconfig */ = {isa = PBXFileReference; includeInIndex = 1; lastKnownFileType = text.xcconfig; name = "Pods-SS_Authorisation.release.xcconfig"; path = "Pods/Target Support Files/Pods-SS_Authorisation/Pods-SS_Authorisation.release.xcconfig"; sourceTree = "<group>"; };
		15C959BF9DA7DF0ECEA2DC02 /* Pods-SS_Authentication.release.xcconfig */ = {isa = PBXFileReference; includeInIndex = 1; lastKnownFileType = text.xcconfig; name = "Pods-SS_Authentication.release.xcconfig"; path = "Pods/Target Support Files/Pods-SS_Authentication/Pods-SS_Authentication.release.xcconfig"; sourceTree = "<group>"; };
		161F6BBF9981D4333D05DEFE /* Pods-SS_ Authentication.release.xcconfig */ = {isa = PBXFileReference; includeInIndex = 1; lastKnownFileType = text.xcconfig; name = "Pods-SS_ Authentication.release.xcconfig"; path = "Pods/Target Support Files/Pods-SS_ Authentication/Pods-SS_ Authentication.release.xcconfig"; sourceTree = "<group>"; };
		37875ACB04921C29F9DD2025 /* Pods-SS_ Authentication.debug.xcconfig */ = {isa = PBXFileReference; includeInIndex = 1; lastKnownFileType = text.xcconfig; name = "Pods-SS_ Authentication.debug.xcconfig"; path = "Pods/Target Support Files/Pods-SS_ Authentication/Pods-SS_ Authentication.debug.xcconfig"; sourceTree = "<group>"; };
		3821BFFB1CF892AB00C3F424 /* SSAuthenticationNavigationBar.swift */ = {isa = PBXFileReference; fileEncoding = 4; lastKnownFileType = sourcecode.swift; path = SSAuthenticationNavigationBar.swift; sourceTree = "<group>"; };
		3821DA191CF5918400867115 /* SS_Authentication.framework */ = {isa = PBXFileReference; explicitFileType = wrapper.framework; includeInIndex = 0; path = SS_Authentication.framework; sourceTree = BUILT_PRODUCTS_DIR; };
		3821DA231CF5918400867115 /* SS_Authentication.xctest */ = {isa = PBXFileReference; explicitFileType = wrapper.cfbundle; includeInIndex = 0; path = SS_Authentication.xctest; sourceTree = BUILT_PRODUCTS_DIR; };
		383775E91CF6E6B9001156AC /* SSAuthenticationManager.swift */ = {isa = PBXFileReference; fileEncoding = 4; lastKnownFileType = sourcecode.swift; path = SSAuthenticationManager.swift; sourceTree = "<group>"; };
		383775EB1CF6E6B9001156AC /* SSUser.swift */ = {isa = PBXFileReference; fileEncoding = 4; lastKnownFileType = sourcecode.swift; path = SSUser.swift; sourceTree = "<group>"; };
		383775EC1CF6E6B9001156AC /* Info.plist */ = {isa = PBXFileReference; fileEncoding = 4; lastKnownFileType = text.plist.xml; path = Info.plist; sourceTree = "<group>"; };
		383775ED1CF6E6B9001156AC /* SS_Authentication.h */ = {isa = PBXFileReference; fileEncoding = 4; lastKnownFileType = sourcecode.c.h; path = SS_Authentication.h; sourceTree = "<group>"; };
		383775F41CF6E6D4001156AC /* Info.plist */ = {isa = PBXFileReference; fileEncoding = 4; lastKnownFileType = text.plist.xml; path = Info.plist; sourceTree = "<group>"; };
		383775F51CF6E6D4001156AC /* SS_AuthenticationTests.swift */ = {isa = PBXFileReference; fileEncoding = 4; lastKnownFileType = sourcecode.swift; path = SS_AuthenticationTests.swift; sourceTree = "<group>"; };
		3882E0751CF6EF5F007528BA /* SSAuthenticationBaseViewController.swift */ = {isa = PBXFileReference; fileEncoding = 4; lastKnownFileType = sourcecode.swift; path = SSAuthenticationBaseViewController.swift; sourceTree = "<group>"; };
		3882E0771CF6EF5F007528BA /* SSAuthenticationResetPasswordViewController.swift */ = {isa = PBXFileReference; fileEncoding = 4; lastKnownFileType = sourcecode.swift; path = SSAuthenticationResetPasswordViewController.swift; sourceTree = "<group>"; };
		3882E0791CF6EF5F007528BA /* SSAuthenticationLoginViewController.swift */ = {isa = PBXFileReference; fileEncoding = 4; lastKnownFileType = sourcecode.swift; path = SSAuthenticationLoginViewController.swift; sourceTree = "<group>"; };
		3882E07B1CF6EF5F007528BA /* SSAuthenticationRegisterViewController.swift */ = {isa = PBXFileReference; fileEncoding = 4; lastKnownFileType = sourcecode.swift; path = SSAuthenticationRegisterViewController.swift; sourceTree = "<group>"; };
		3882E07D1CF6EF5F007528BA /* SSAuthenticationUpdateViewController.swift */ = {isa = PBXFileReference; fileEncoding = 4; lastKnownFileType = sourcecode.swift; path = SSAuthenticationUpdateViewController.swift; sourceTree = "<group>"; };
		3882E07F1CF6EF5F007528BA /* SSAuthenticationViewController.swift */ = {isa = PBXFileReference; fileEncoding = 4; lastKnownFileType = sourcecode.swift; path = SSAuthenticationViewController.swift; sourceTree = "<group>"; };
		3882E0A01CF6FCF1007528BA /* SSAuthenticationLoadingView.swift */ = {isa = PBXFileReference; fileEncoding = 4; lastKnownFileType = sourcecode.swift; path = SSAuthenticationLoadingView.swift; sourceTree = "<group>"; };
		3882E0A21CF7392F007528BA /* Common.swift */ = {isa = PBXFileReference; fileEncoding = 4; lastKnownFileType = sourcecode.swift; path = Common.swift; sourceTree = "<group>"; };
		40A44010A1BA17D9523AF59E /* Pods-SS_AuthorisationTests.debug.xcconfig */ = {isa = PBXFileReference; includeInIndex = 1; lastKnownFileType = text.xcconfig; name = "Pods-SS_AuthorisationTests.debug.xcconfig"; path = "Pods/Target Support Files/Pods-SS_AuthorisationTests/Pods-SS_AuthorisationTests.debug.xcconfig"; sourceTree = "<group>"; };
		63E1723517FD6C654D7D6372 /* Pods_SS__Authentication.framework */ = {isa = PBXFileReference; explicitFileType = wrapper.framework; includeInIndex = 0; path = Pods_SS__Authentication.framework; sourceTree = BUILT_PRODUCTS_DIR; };
		6FC95ED09475FF130E042D80 /* Pods-SS_Authentication.debug.xcconfig */ = {isa = PBXFileReference; includeInIndex = 1; lastKnownFileType = text.xcconfig; name = "Pods-SS_Authentication.debug.xcconfig"; path = "Pods/Target Support Files/Pods-SS_Authentication/Pods-SS_Authentication.debug.xcconfig"; sourceTree = "<group>"; };
		72212A0A77A84543871089DC /* Pods-SS_AuthenticationTests.release.xcconfig */ = {isa = PBXFileReference; includeInIndex = 1; lastKnownFileType = text.xcconfig; name = "Pods-SS_AuthenticationTests.release.xcconfig"; path = "Pods/Target Support Files/Pods-SS_AuthenticationTests/Pods-SS_AuthenticationTests.release.xcconfig"; sourceTree = "<group>"; };
		794FCF276ADAC5544D577FEE /* Pods-SS_Authorisation.debug.xcconfig */ = {isa = PBXFileReference; includeInIndex = 1; lastKnownFileType = text.xcconfig; name = "Pods-SS_Authorisation.debug.xcconfig"; path = "Pods/Target Support Files/Pods-SS_Authorisation/Pods-SS_Authorisation.debug.xcconfig"; sourceTree = "<group>"; };
		7E57D1DDC18DA73627FB522A /* Pods_SS_Authentication.framework */ = {isa = PBXFileReference; explicitFileType = wrapper.framework; includeInIndex = 0; path = Pods_SS_Authentication.framework; sourceTree = BUILT_PRODUCTS_DIR; };
		7F7894877196C1E3E694D667 /* Pods-SS_AuthorisationTests.release.xcconfig */ = {isa = PBXFileReference; includeInIndex = 1; lastKnownFileType = text.xcconfig; name = "Pods-SS_AuthorisationTests.release.xcconfig"; path = "Pods/Target Support Files/Pods-SS_AuthorisationTests/Pods-SS_AuthorisationTests.release.xcconfig"; sourceTree = "<group>"; };
		886236E0D0A76A63D9EDC838 /* Pods-SS_ AuthenticationTests.debug.xcconfig */ = {isa = PBXFileReference; includeInIndex = 1; lastKnownFileType = text.xcconfig; name = "Pods-SS_ AuthenticationTests.debug.xcconfig"; path = "Pods/Target Support Files/Pods-SS_ AuthenticationTests/Pods-SS_ AuthenticationTests.debug.xcconfig"; sourceTree = "<group>"; };
		ADD756B08A0105DC82BAD23F /* Pods_SS__AuthenticationTests.framework */ = {isa = PBXFileReference; explicitFileType = wrapper.framework; includeInIndex = 0; path = Pods_SS__AuthenticationTests.framework; sourceTree = BUILT_PRODUCTS_DIR; };
		C190839D71AD7CA6B95A7FE8 /* Pods_SS_Authorisation.framework */ = {isa = PBXFileReference; explicitFileType = wrapper.framework; includeInIndex = 0; path = Pods_SS_Authorisation.framework; sourceTree = BUILT_PRODUCTS_DIR; };
		D895DC9520F81DCCA06552C3 /* Pods-SS_ AuthenticationTests.release.xcconfig */ = {isa = PBXFileReference; includeInIndex = 1; lastKnownFileType = text.xcconfig; name = "Pods-SS_ AuthenticationTests.release.xcconfig"; path = "Pods/Target Support Files/Pods-SS_ AuthenticationTests/Pods-SS_ AuthenticationTests.release.xcconfig"; sourceTree = "<group>"; };
		D93A39878FBAD5B0D7D6F5B6 /* Pods_SS_AuthenticationTests.framework */ = {isa = PBXFileReference; explicitFileType = wrapper.framework; includeInIndex = 0; path = Pods_SS_AuthenticationTests.framework; sourceTree = BUILT_PRODUCTS_DIR; };
		EFD76AE73AB1E8E9F79AD182 /* Pods-SS_AuthenticationTests.debug.xcconfig */ = {isa = PBXFileReference; includeInIndex = 1; lastKnownFileType = text.xcconfig; name = "Pods-SS_AuthenticationTests.debug.xcconfig"; path = "Pods/Target Support Files/Pods-SS_AuthenticationTests/Pods-SS_AuthenticationTests.debug.xcconfig"; sourceTree = "<group>"; };
/* End PBXFileReference section */

/* Begin PBXFrameworksBuildPhase section */
		3821DA151CF5918400867115 /* Frameworks */ = {
			isa = PBXFrameworksBuildPhase;
			buildActionMask = 2147483647;
			files = (
				01E300CB90BF50252AF43A1D /* Pods_SS_Authentication.framework in Frameworks */,
			);
			runOnlyForDeploymentPostprocessing = 0;
		};
		3821DA201CF5918400867115 /* Frameworks */ = {
			isa = PBXFrameworksBuildPhase;
			buildActionMask = 2147483647;
			files = (
				3821DA241CF5918400867115 /* SS_Authentication.framework in Frameworks */,
				1D051094BD041E383CEBA256 /* Pods_SS_AuthorisationTests.framework in Frameworks */,
				B4DA347E94C32DA94AE6B50E /* Pods_SS__AuthenticationTests.framework in Frameworks */,
				F9D50010AF1C7023124C2DC8 /* Pods_SS_AuthenticationTests.framework in Frameworks */,
			);
			runOnlyForDeploymentPostprocessing = 0;
		};
/* End PBXFrameworksBuildPhase section */

/* Begin PBXGroup section */
		3821DA0F1CF5918400867115 = {
			isa = PBXGroup;
			children = (
				383775E41CF6E6B9001156AC /* SS_Authentication */,
				383775F31CF6E6D4001156AC /* SS_AuthenticationTests */,
				3821DA1A1CF5918400867115 /* Products */,
				8B93A110822771CE4AE98CC2 /* Pods */,
				E24F498EE6C045AF5A44C3E7 /* Frameworks */,
			);
			sourceTree = "<group>";
		};
		3821DA1A1CF5918400867115 /* Products */ = {
			isa = PBXGroup;
			children = (
				3821DA191CF5918400867115 /* SS_Authentication.framework */,
				3821DA231CF5918400867115 /* SS_Authentication.xctest */,
			);
			name = Products;
			sourceTree = "<group>";
		};
		383775E41CF6E6B9001156AC /* SS_Authentication */ = {
			isa = PBXGroup;
			children = (
				383775ED1CF6E6B9001156AC /* SS_Authentication.h */,
				383775E51CF6E6B9001156AC /* Classes */,
				383775F21CF6E6C0001156AC /* Supporting Files */,
			);
			path = SS_Authentication;
			sourceTree = "<group>";
		};
		383775E51CF6E6B9001156AC /* Classes */ = {
			isa = PBXGroup;
			children = (
				383775E71CF6E6B9001156AC /* Extensions */,
				383775E81CF6E6B9001156AC /* Managers */,
				383775EA1CF6E6B9001156AC /* Models */,
				3882E06A1CF6EE65007528BA /* ViewControllers */,
				3882E06B1CF6EE65007528BA /* Views */,
			);
			path = Classes;
			sourceTree = "<group>";
		};
		383775E71CF6E6B9001156AC /* Extensions */ = {
			isa = PBXGroup;
			children = (
			);
			path = Extensions;
			sourceTree = "<group>";
		};
		383775E81CF6E6B9001156AC /* Managers */ = {
			isa = PBXGroup;
			children = (
				383775E91CF6E6B9001156AC /* SSAuthenticationManager.swift */,
			);
			path = Managers;
			sourceTree = "<group>";
		};
		383775EA1CF6E6B9001156AC /* Models */ = {
			isa = PBXGroup;
			children = (
				383775EB1CF6E6B9001156AC /* SSUser.swift */,
			);
			path = Models;
			sourceTree = "<group>";
		};
		383775F21CF6E6C0001156AC /* Supporting Files */ = {
			isa = PBXGroup;
			children = (
				383775EC1CF6E6B9001156AC /* Info.plist */,
				3882E0A21CF7392F007528BA /* Common.swift */,
			);
			name = "Supporting Files";
			sourceTree = "<group>";
		};
		383775F31CF6E6D4001156AC /* SS_AuthenticationTests */ = {
			isa = PBXGroup;
			children = (
				383775F51CF6E6D4001156AC /* SS_AuthenticationTests.swift */,
				383775F41CF6E6D4001156AC /* Info.plist */,
			);
			path = SS_AuthenticationTests;
			sourceTree = "<group>";
		};
		3882E06A1CF6EE65007528BA /* ViewControllers */ = {
			isa = PBXGroup;
			children = (
				3882E0751CF6EF5F007528BA /* SSAuthenticationBaseViewController.swift */,
				3882E07F1CF6EF5F007528BA /* SSAuthenticationViewController.swift */,
				3882E07B1CF6EF5F007528BA /* SSAuthenticationRegisterViewController.swift */,
				3882E0791CF6EF5F007528BA /* SSAuthenticationLoginViewController.swift */,
				3882E0771CF6EF5F007528BA /* SSAuthenticationResetPasswordViewController.swift */,
				3882E07D1CF6EF5F007528BA /* SSAuthenticationUpdateViewController.swift */,
			);
			path = ViewControllers;
			sourceTree = "<group>";
		};
		3882E06B1CF6EE65007528BA /* Views */ = {
			isa = PBXGroup;
			children = (
				3882E0A01CF6FCF1007528BA /* SSAuthenticationLoadingView.swift */,
				3821BFFB1CF892AB00C3F424 /* SSAuthenticationNavigationBar.swift */,
			);
			path = Views;
			sourceTree = "<group>";
		};
		8B93A110822771CE4AE98CC2 /* Pods */ = {
			isa = PBXGroup;
			children = (
				794FCF276ADAC5544D577FEE /* Pods-SS_Authorisation.debug.xcconfig */,
				0F78F6A698C85B94B115AD19 /* Pods-SS_Authorisation.release.xcconfig */,
				40A44010A1BA17D9523AF59E /* Pods-SS_AuthorisationTests.debug.xcconfig */,
				7F7894877196C1E3E694D667 /* Pods-SS_AuthorisationTests.release.xcconfig */,
				37875ACB04921C29F9DD2025 /* Pods-SS_ Authentication.debug.xcconfig */,
				161F6BBF9981D4333D05DEFE /* Pods-SS_ Authentication.release.xcconfig */,
				886236E0D0A76A63D9EDC838 /* Pods-SS_ AuthenticationTests.debug.xcconfig */,
				D895DC9520F81DCCA06552C3 /* Pods-SS_ AuthenticationTests.release.xcconfig */,
				6FC95ED09475FF130E042D80 /* Pods-SS_Authentication.debug.xcconfig */,
				15C959BF9DA7DF0ECEA2DC02 /* Pods-SS_Authentication.release.xcconfig */,
				EFD76AE73AB1E8E9F79AD182 /* Pods-SS_AuthenticationTests.debug.xcconfig */,
				72212A0A77A84543871089DC /* Pods-SS_AuthenticationTests.release.xcconfig */,
			);
			name = Pods;
			sourceTree = "<group>";
		};
		E24F498EE6C045AF5A44C3E7 /* Frameworks */ = {
			isa = PBXGroup;
			children = (
				C190839D71AD7CA6B95A7FE8 /* Pods_SS_Authorisation.framework */,
				088D8A88DE13F61A14FEA157 /* Pods_SS_AuthorisationTests.framework */,
				63E1723517FD6C654D7D6372 /* Pods_SS__Authentication.framework */,
				ADD756B08A0105DC82BAD23F /* Pods_SS__AuthenticationTests.framework */,
				7E57D1DDC18DA73627FB522A /* Pods_SS_Authentication.framework */,
				D93A39878FBAD5B0D7D6F5B6 /* Pods_SS_AuthenticationTests.framework */,
			);
			name = Frameworks;
			sourceTree = "<group>";
		};
/* End PBXGroup section */

/* Begin PBXHeadersBuildPhase section */
		3821DA161CF5918400867115 /* Headers */ = {
			isa = PBXHeadersBuildPhase;
			buildActionMask = 2147483647;
			files = (
				383775F11CF6E6B9001156AC /* SS_Authentication.h in Headers */,
			);
			runOnlyForDeploymentPostprocessing = 0;
		};
/* End PBXHeadersBuildPhase section */

/* Begin PBXNativeTarget section */
		3821DA181CF5918400867115 /* SS_Authentication */ = {
			isa = PBXNativeTarget;
			buildConfigurationList = 3821DA2D1CF5918400867115 /* Build configuration list for PBXNativeTarget "SS_Authentication" */;
			buildPhases = (
				05FB4AFB7DDE2E85D22FB6C2 /* 📦 Check Pods Manifest.lock */,
				3821DA141CF5918400867115 /* Sources */,
				3821DA151CF5918400867115 /* Frameworks */,
				3821DA161CF5918400867115 /* Headers */,
				3821DA171CF5918400867115 /* Resources */,
				B47050CFF3B7FDC710E40AE0 /* 📦 Copy Pods Resources */,
			);
			buildRules = (
			);
			dependencies = (
			);
			name = SS_Authentication;
			productName = SS_Authorisation;
			productReference = 3821DA191CF5918400867115 /* SS_Authentication.framework */;
			productType = "com.apple.product-type.framework";
		};
		3821DA221CF5918400867115 /* SS_AuthenticationTests */ = {
			isa = PBXNativeTarget;
			buildConfigurationList = 3821DA301CF5918400867115 /* Build configuration list for PBXNativeTarget "SS_AuthenticationTests" */;
			buildPhases = (
				85382590C42CAD896DB8AFD0 /* 📦 Check Pods Manifest.lock */,
				3821DA1F1CF5918400867115 /* Sources */,
				3821DA201CF5918400867115 /* Frameworks */,
				3821DA211CF5918400867115 /* Resources */,
				4E63477A0F9DFF8CEBA09118 /* 📦 Embed Pods Frameworks */,
				71A586C04C8A539706C150DE /* 📦 Copy Pods Resources */,
			);
			buildRules = (
			);
			dependencies = (
				3821DA261CF5918400867115 /* PBXTargetDependency */,
			);
			name = SS_AuthenticationTests;
			productName = SS_AuthorisationTests;
			productReference = 3821DA231CF5918400867115 /* SS_Authentication.xctest */;
			productType = "com.apple.product-type.bundle.unit-test";
		};
/* End PBXNativeTarget section */

/* Begin PBXProject section */
		3821DA101CF5918400867115 /* Project object */ = {
			isa = PBXProject;
			attributes = {
				LastSwiftUpdateCheck = 0730;
				LastUpgradeCheck = 0730;
				ORGANIZATIONNAME = "Software and Support Media GmbH";
				TargetAttributes = {
					3821DA181CF5918400867115 = {
						CreatedOnToolsVersion = 7.3.1;
					};
					3821DA221CF5918400867115 = {
						CreatedOnToolsVersion = 7.3.1;
					};
				};
			};
			buildConfigurationList = 3821DA131CF5918400867115 /* Build configuration list for PBXProject "SS_Authentication" */;
			compatibilityVersion = "Xcode 3.2";
			developmentRegion = English;
			hasScannedForEncodings = 0;
			knownRegions = (
				en,
			);
			mainGroup = 3821DA0F1CF5918400867115;
			productRefGroup = 3821DA1A1CF5918400867115 /* Products */;
			projectDirPath = "";
			projectRoot = "";
			targets = (
				3821DA181CF5918400867115 /* SS_Authentication */,
				3821DA221CF5918400867115 /* SS_AuthenticationTests */,
			);
		};
/* End PBXProject section */

/* Begin PBXResourcesBuildPhase section */
		3821DA171CF5918400867115 /* Resources */ = {
			isa = PBXResourcesBuildPhase;
			buildActionMask = 2147483647;
			files = (
			);
			runOnlyForDeploymentPostprocessing = 0;
		};
		3821DA211CF5918400867115 /* Resources */ = {
			isa = PBXResourcesBuildPhase;
			buildActionMask = 2147483647;
			files = (
			);
			runOnlyForDeploymentPostprocessing = 0;
		};
/* End PBXResourcesBuildPhase section */

/* Begin PBXShellScriptBuildPhase section */
		05FB4AFB7DDE2E85D22FB6C2 /* 📦 Check Pods Manifest.lock */ = {
			isa = PBXShellScriptBuildPhase;
			buildActionMask = 2147483647;
			files = (
			);
			inputPaths = (
			);
			name = "📦 Check Pods Manifest.lock";
			outputPaths = (
			);
			runOnlyForDeploymentPostprocessing = 0;
			shellPath = /bin/sh;
			shellScript = "diff \"${PODS_ROOT}/../Podfile.lock\" \"${PODS_ROOT}/Manifest.lock\" > /dev/null\nif [[ $? != 0 ]] ; then\n    cat << EOM\nerror: The sandbox is not in sync with the Podfile.lock. Run 'pod install' or update your CocoaPods installation.\nEOM\n    exit 1\nfi\n";
			showEnvVarsInLog = 0;
		};
		4E63477A0F9DFF8CEBA09118 /* 📦 Embed Pods Frameworks */ = {
			isa = PBXShellScriptBuildPhase;
			buildActionMask = 2147483647;
			files = (
			);
			inputPaths = (
			);
			name = "📦 Embed Pods Frameworks";
			outputPaths = (
			);
			runOnlyForDeploymentPostprocessing = 0;
			shellPath = /bin/sh;
			shellScript = "\"${SRCROOT}/Pods/Target Support Files/Pods-SS_AuthenticationTests/Pods-SS_AuthenticationTests-frameworks.sh\"\n";
			showEnvVarsInLog = 0;
		};
		71A586C04C8A539706C150DE /* 📦 Copy Pods Resources */ = {
			isa = PBXShellScriptBuildPhase;
			buildActionMask = 2147483647;
			files = (
			);
			inputPaths = (
			);
			name = "📦 Copy Pods Resources";
			outputPaths = (
			);
			runOnlyForDeploymentPostprocessing = 0;
			shellPath = /bin/sh;
			shellScript = "\"${SRCROOT}/Pods/Target Support Files/Pods-SS_AuthenticationTests/Pods-SS_AuthenticationTests-resources.sh\"\n";
			showEnvVarsInLog = 0;
		};
		85382590C42CAD896DB8AFD0 /* 📦 Check Pods Manifest.lock */ = {
			isa = PBXShellScriptBuildPhase;
			buildActionMask = 2147483647;
			files = (
			);
			inputPaths = (
			);
			name = "📦 Check Pods Manifest.lock";
			outputPaths = (
			);
			runOnlyForDeploymentPostprocessing = 0;
			shellPath = /bin/sh;
			shellScript = "diff \"${PODS_ROOT}/../Podfile.lock\" \"${PODS_ROOT}/Manifest.lock\" > /dev/null\nif [[ $? != 0 ]] ; then\n    cat << EOM\nerror: The sandbox is not in sync with the Podfile.lock. Run 'pod install' or update your CocoaPods installation.\nEOM\n    exit 1\nfi\n";
			showEnvVarsInLog = 0;
		};
		B47050CFF3B7FDC710E40AE0 /* 📦 Copy Pods Resources */ = {
			isa = PBXShellScriptBuildPhase;
			buildActionMask = 2147483647;
			files = (
			);
			inputPaths = (
			);
			name = "📦 Copy Pods Resources";
			outputPaths = (
			);
			runOnlyForDeploymentPostprocessing = 0;
			shellPath = /bin/sh;
			shellScript = "\"${SRCROOT}/Pods/Target Support Files/Pods-SS_Authentication/Pods-SS_Authentication-resources.sh\"\n";
			showEnvVarsInLog = 0;
		};
/* End PBXShellScriptBuildPhase section */

/* Begin PBXSourcesBuildPhase section */
		3821DA141CF5918400867115 /* Sources */ = {
			isa = PBXSourcesBuildPhase;
			buildActionMask = 2147483647;
			files = (
				3821BFFC1CF892AB00C3F424 /* SSAuthenticationNavigationBar.swift in Sources */,
				3882E0851CF6EF5F007528BA /* SSAuthenticationBaseViewController.swift in Sources */,
				383775EF1CF6E6B9001156AC /* SSUser.swift in Sources */,
				3882E0891CF6EF5F007528BA /* SSAuthenticationLoginViewController.swift in Sources */,
				3882E0A11CF6FCF1007528BA /* SSAuthenticationLoadingView.swift in Sources */,
				3882E0871CF6EF5F007528BA /* SSAuthenticationResetPasswordViewController.swift in Sources */,
				3882E0A31CF7392F007528BA /* Common.swift in Sources */,
				3882E08B1CF6EF5F007528BA /* SSAuthenticationRegisterViewController.swift in Sources */,
				3882E08D1CF6EF5F007528BA /* SSAuthenticationUpdateViewController.swift in Sources */,
				3882E08F1CF6EF5F007528BA /* SSAuthenticationViewController.swift in Sources */,
				383775EE1CF6E6B9001156AC /* SSAuthenticationManager.swift in Sources */,
			);
			runOnlyForDeploymentPostprocessing = 0;
		};
		3821DA1F1CF5918400867115 /* Sources */ = {
			isa = PBXSourcesBuildPhase;
			buildActionMask = 2147483647;
			files = (
				383775F81CF6E7A6001156AC /* SS_AuthenticationTests.swift in Sources */,
			);
			runOnlyForDeploymentPostprocessing = 0;
		};
/* End PBXSourcesBuildPhase section */

/* Begin PBXTargetDependency section */
		3821DA261CF5918400867115 /* PBXTargetDependency */ = {
			isa = PBXTargetDependency;
			target = 3821DA181CF5918400867115 /* SS_Authentication */;
			targetProxy = 3821DA251CF5918400867115 /* PBXContainerItemProxy */;
		};
/* End PBXTargetDependency section */

/* Begin XCBuildConfiguration section */
		3821DA2B1CF5918400867115 /* Debug */ = {
			isa = XCBuildConfiguration;
			buildSettings = {
				ALWAYS_SEARCH_USER_PATHS = NO;
				CLANG_ANALYZER_NONNULL = YES;
				CLANG_CXX_LANGUAGE_STANDARD = "gnu++0x";
				CLANG_CXX_LIBRARY = "libc++";
				CLANG_ENABLE_MODULES = YES;
				CLANG_ENABLE_OBJC_ARC = YES;
				CLANG_WARN_BOOL_CONVERSION = YES;
				CLANG_WARN_CONSTANT_CONVERSION = YES;
				CLANG_WARN_DIRECT_OBJC_ISA_USAGE = YES_ERROR;
				CLANG_WARN_EMPTY_BODY = YES;
				CLANG_WARN_ENUM_CONVERSION = YES;
				CLANG_WARN_INT_CONVERSION = YES;
				CLANG_WARN_OBJC_ROOT_CLASS = YES_ERROR;
				CLANG_WARN_UNREACHABLE_CODE = YES;
				CLANG_WARN__DUPLICATE_METHOD_MATCH = YES;
				COPY_PHASE_STRIP = NO;
				CURRENT_PROJECT_VERSION = 1;
				DEBUG_INFORMATION_FORMAT = dwarf;
				ENABLE_STRICT_OBJC_MSGSEND = YES;
				ENABLE_TESTABILITY = YES;
				GCC_C_LANGUAGE_STANDARD = gnu99;
				GCC_DYNAMIC_NO_PIC = NO;
				GCC_NO_COMMON_BLOCKS = YES;
				GCC_OPTIMIZATION_LEVEL = 0;
				GCC_PREPROCESSOR_DEFINITIONS = (
					"DEBUG=1",
					"$(inherited)",
				);
				GCC_WARN_64_TO_32_BIT_CONVERSION = YES;
				GCC_WARN_ABOUT_RETURN_TYPE = YES_ERROR;
				GCC_WARN_UNDECLARED_SELECTOR = YES;
				GCC_WARN_UNINITIALIZED_AUTOS = YES_AGGRESSIVE;
				GCC_WARN_UNUSED_FUNCTION = YES;
				GCC_WARN_UNUSED_VARIABLE = YES;
				IPHONEOS_DEPLOYMENT_TARGET = 9.3;
				MTL_ENABLE_DEBUG_INFO = YES;
				ONLY_ACTIVE_ARCH = YES;
				SDKROOT = iphoneos;
				SWIFT_OPTIMIZATION_LEVEL = "-Onone";
				TARGETED_DEVICE_FAMILY = "1,2";
				VERSIONING_SYSTEM = "apple-generic";
				VERSION_INFO_PREFIX = "";
			};
			name = Debug;
		};
		3821DA2C1CF5918400867115 /* Release */ = {
			isa = XCBuildConfiguration;
			buildSettings = {
				ALWAYS_SEARCH_USER_PATHS = NO;
				CLANG_ANALYZER_NONNULL = YES;
				CLANG_CXX_LANGUAGE_STANDARD = "gnu++0x";
				CLANG_CXX_LIBRARY = "libc++";
				CLANG_ENABLE_MODULES = YES;
				CLANG_ENABLE_OBJC_ARC = YES;
				CLANG_WARN_BOOL_CONVERSION = YES;
				CLANG_WARN_CONSTANT_CONVERSION = YES;
				CLANG_WARN_DIRECT_OBJC_ISA_USAGE = YES_ERROR;
				CLANG_WARN_EMPTY_BODY = YES;
				CLANG_WARN_ENUM_CONVERSION = YES;
				CLANG_WARN_INT_CONVERSION = YES;
				CLANG_WARN_OBJC_ROOT_CLASS = YES_ERROR;
				CLANG_WARN_UNREACHABLE_CODE = YES;
				CLANG_WARN__DUPLICATE_METHOD_MATCH = YES;
				COPY_PHASE_STRIP = NO;
				CURRENT_PROJECT_VERSION = 1;
				DEBUG_INFORMATION_FORMAT = "dwarf-with-dsym";
				ENABLE_NS_ASSERTIONS = NO;
				ENABLE_STRICT_OBJC_MSGSEND = YES;
				GCC_C_LANGUAGE_STANDARD = gnu99;
				GCC_NO_COMMON_BLOCKS = YES;
				GCC_WARN_64_TO_32_BIT_CONVERSION = YES;
				GCC_WARN_ABOUT_RETURN_TYPE = YES_ERROR;
				GCC_WARN_UNDECLARED_SELECTOR = YES;
				GCC_WARN_UNINITIALIZED_AUTOS = YES_AGGRESSIVE;
				GCC_WARN_UNUSED_FUNCTION = YES;
				GCC_WARN_UNUSED_VARIABLE = YES;
				IPHONEOS_DEPLOYMENT_TARGET = 9.3;
				MTL_ENABLE_DEBUG_INFO = NO;
				SDKROOT = iphoneos;
				TARGETED_DEVICE_FAMILY = "1,2";
				VALIDATE_PRODUCT = YES;
				VERSIONING_SYSTEM = "apple-generic";
				VERSION_INFO_PREFIX = "";
			};
			name = Release;
		};
		3821DA2E1CF5918400867115 /* Debug */ = {
			isa = XCBuildConfiguration;
			baseConfigurationReference = 6FC95ED09475FF130E042D80 /* Pods-SS_Authentication.debug.xcconfig */;
			buildSettings = {
				CLANG_ENABLE_MODULES = YES;
				DEFINES_MODULE = YES;
				DYLIB_COMPATIBILITY_VERSION = 1;
				DYLIB_CURRENT_VERSION = 1;
				DYLIB_INSTALL_NAME_BASE = "@rpath";
				INFOPLIST_FILE = SS_Authentication/Info.plist;
				INSTALL_PATH = "$(LOCAL_LIBRARY_DIR)/Frameworks";
				LD_RUNPATH_SEARCH_PATHS = "$(inherited) @executable_path/Frameworks @loader_path/Frameworks";
				PRODUCT_BUNDLE_IDENTIFIER = "com.sandsmedia.apps.ios.SS-Authentication";
				PRODUCT_NAME = SS_Authentication;
				SKIP_INSTALL = YES;
				SWIFT_OPTIMIZATION_LEVEL = "-Onone";
			};
			name = Debug;
		};
		3821DA2F1CF5918400867115 /* Release */ = {
			isa = XCBuildConfiguration;
			baseConfigurationReference = 15C959BF9DA7DF0ECEA2DC02 /* Pods-SS_Authentication.release.xcconfig */;
			buildSettings = {
				CLANG_ENABLE_MODULES = YES;
				DEFINES_MODULE = YES;
				DYLIB_COMPATIBILITY_VERSION = 1;
				DYLIB_CURRENT_VERSION = 1;
				DYLIB_INSTALL_NAME_BASE = "@rpath";
				INFOPLIST_FILE = SS_Authentication/Info.plist;
				INSTALL_PATH = "$(LOCAL_LIBRARY_DIR)/Frameworks";
				LD_RUNPATH_SEARCH_PATHS = "$(inherited) @executable_path/Frameworks @loader_path/Frameworks";
				PRODUCT_BUNDLE_IDENTIFIER = "com.sandsmedia.apps.ios.SS-Authentication";
				PRODUCT_NAME = SS_Authentication;
				SKIP_INSTALL = YES;
			};
			name = Release;
		};
		3821DA311CF5918400867115 /* Debug */ = {
			isa = XCBuildConfiguration;
			baseConfigurationReference = EFD76AE73AB1E8E9F79AD182 /* Pods-SS_AuthenticationTests.debug.xcconfig */;
			buildSettings = {
				INFOPLIST_FILE = SS_AuthenticationTests/Info.plist;
				LD_RUNPATH_SEARCH_PATHS = "$(inherited) @executable_path/Frameworks @loader_path/Frameworks";
				PRODUCT_BUNDLE_IDENTIFIER = "com.sandsmedia.apps.ios.SS-AuthenticationTests";
				PRODUCT_NAME = SS_Authentication;
			};
			name = Debug;
		};
		3821DA321CF5918400867115 /* Release */ = {
			isa = XCBuildConfiguration;
			baseConfigurationReference = 72212A0A77A84543871089DC /* Pods-SS_AuthenticationTests.release.xcconfig */;
			buildSettings = {
				INFOPLIST_FILE = SS_AuthenticationTests/Info.plist;
				LD_RUNPATH_SEARCH_PATHS = "$(inherited) @executable_path/Frameworks @loader_path/Frameworks";
				PRODUCT_BUNDLE_IDENTIFIER = "com.sandsmedia.apps.ios.SS-AuthenticationTests";
				PRODUCT_NAME = SS_Authentication;
			};
			name = Release;
		};
/* End XCBuildConfiguration section */

/* Begin XCConfigurationList section */
		3821DA131CF5918400867115 /* Build configuration list for PBXProject "SS_Authentication" */ = {
			isa = XCConfigurationList;
			buildConfigurations = (
				3821DA2B1CF5918400867115 /* Debug */,
				3821DA2C1CF5918400867115 /* Release */,
			);
			defaultConfigurationIsVisible = 0;
			defaultConfigurationName = Release;
		};
		3821DA2D1CF5918400867115 /* Build configuration list for PBXNativeTarget "SS_Authentication" */ = {
			isa = XCConfigurationList;
			buildConfigurations = (
				3821DA2E1CF5918400867115 /* Debug */,
				3821DA2F1CF5918400867115 /* Release */,
			);
			defaultConfigurationIsVisible = 0;
			defaultConfigurationName = Release;
		};
		3821DA301CF5918400867115 /* Build configuration list for PBXNativeTarget "SS_AuthenticationTests" */ = {
			isa = XCConfigurationList;
			buildConfigurations = (
				3821DA311CF5918400867115 /* Debug */,
				3821DA321CF5918400867115 /* Release */,
			);
			defaultConfigurationIsVisible = 0;
			defaultConfigurationName = Release;
		};
/* End XCConfigurationList section */
	};
	rootObject = 3821DA101CF5918400867115 /* Project object */;
}
